
Microsoft Visual Studio Solution File, Format Version 12.00
# Visual Studio Version 17
VisualStudioVersion = 17.1.32319.34
MinimumVisualStudioVersion = 10.0.40219.1
Project("{FAE04EC0-301F-11D3-BF4B-00C04F79EFBC}") = "iz3_opp", "iz3_opp.csproj", "{45680391-7A6F-418D-9AAF-531C6C7B468E}"
EndProject
Global
	GlobalSection(SolutionConfigurationPlatforms) = preSolution
		Debug|Any CPU = Debug|Any CPU
		Release|Any CPU = Release|Any CPU
	EndGlobalSection
	GlobalSection(ProjectConfigurationPlatforms) = postSolution
		{45680391-7A6F-418D-9AAF-531C6C7B468E}.Debug|Any CPU.ActiveCfg = Debug|Any CPU
		{45680391-7A6F-418D-9AAF-531C6C7B468E}.Debug|Any CPU.Build.0 = Debug|Any CPU
		{45680391-7A6F-418D-9AAF-531C6C7B468E}.Release|Any CPU.ActiveCfg = Release|Any CPU
		{45680391-7A6F-418D-9AAF-531C6C7B468E}.Release|Any CPU.Build.0 = Release|Any CPU
	EndGlobalSection
	GlobalSection(SolutionProperties) = preSolution
		HideSolutionNode = FALSE
	EndGlobalSection
	GlobalSection(ExtensibilityGlobals) = postSolution
		SolutionGuid = {2BE906B7-9EBD-4002-B4C1-7885EE4D0836}
	EndGlobalSection
EndGlobal
